{
  "name": "react-plumb",
  "version": "1.0.0",
  "lockfileVersion": 1,
  "requires": true,
  "dependencies": {
    "jsplumb": {
      "version": "2.12.3",
      "resolved": "https://registry.npmjs.org/jsplumb/-/jsplumb-2.12.3.tgz",
      "integrity": "sha512-Os14At5sSec8ZDZWVg4CIxipuK50LPAXP3QrS/ZRZjswyxme+rzHbkUURobySJoNXJSkRrGGh1THUa1w2VOuBg=="
    }
  }
}
